
Microsoft Visual Studio Solution File, Format Version 11.00
# Visual Studio 2010
Project("{FAE04EC0-301F-11D3-BF4B-00C04F79EFBC}") = "TestApplication", "TestApplication\TestApplication.csproj", "{2A40748D-310D-4193-A2E8-079A53040A93}"
EndProject
Project("{2150E333-8FDC-42A3-9474-1A3956D46DE8}") = ".nuget", ".nuget", "{E9C5EA78-B077-41AE-8EC4-55B51186C855}"
	ProjectSection(SolutionItems) = preProject
		.nuget\NuGet.exe = .nuget\NuGet.exe
		.nuget\NuGet.targets = .nuget\NuGet.targets
	EndProjectSection
EndProject
Global
	GlobalSection(SolutionConfigurationPlatforms) = preSolution
		Debug|x86 = Debug|x86
		Release|x86 = Release|x86
	EndGlobalSection
	GlobalSection(ProjectConfigurationPlatforms) = postSolution
		{2A40748D-310D-4193-A2E8-079A53040A93}.Debug|x86.ActiveCfg = Debug|x86
		{2A40748D-310D-4193-A2E8-079A53040A93}.Debug|x86.Build.0 = Debug|x86
		{2A40748D-310D-4193-A2E8-079A53040A93}.Release|x86.ActiveCfg = Release|x86
		{2A40748D-310D-4193-A2E8-079A53040A93}.Release|x86.Build.0 = Release|x86
	EndGlobalSection
	GlobalSection(SolutionProperties) = preSolution
		HideSolutionNode = FALSE
	EndGlobalSection
EndGlobal
