Microsoft Visual Studio Solution File, Format Version 12.00
# Visual Studio 14
VisualStudioVersion = 14.0.23107.0
MinimumVisualStudioVersion = 10.0.40219.1
Project("{FAE04EC0-301F-11D3-BF4B-00C04F79EFBC}") = "TestApplication", "Test\Data\TestApplication.csproj", "{2A40748D-310D-4193-A2E8-079A53040A93}"
EndProject
Project("{FAE04EC0-301F-11D3-BF4B-00C04F79EFBC}") = "AgentMulder.Containers.Autofac", "AgentMulder.Containers.Autofac\AgentMulder.Containers.Autofac.csproj", "{0E0932D9-4745-4408-83DF-5527326760D3}"
EndProject
Project("{FAE04EC0-301F-11D3-BF4B-00C04F79EFBC}") = "AgentMulder.ReSharper.Domain", "AgentMulder.ReSharper.Domain\AgentMulder.ReSharper.Domain.csproj", "{AC2F7B7C-7DCC-45A9-8819-0F1F4541FDCC}"
EndProject
Project("{2150E333-8FDC-42A3-9474-1A3956D46DE8}") = "Containers", "Containers", "{3B332DD2-D5D8-4B58-8EA2-A64FBD08D0F7}"
EndProject
Project("{FAE04EC0-301F-11D3-BF4B-00C04F79EFBC}") = "AgentMulder.Containers.CastleWindsor", "AgentMulder.Containers.CastleWindsor\AgentMulder.Containers.CastleWindsor.csproj", "{B1355077-57AD-4B9B-AA5F-F45722CCCAB3}"
EndProject
Project("{FAE04EC0-301F-11D3-BF4B-00C04F79EFBC}") = "AgentMulder.Containers.Catel", "AgentMulder.Containers.Catel\AgentMulder.Containers.Catel.csproj", "{7A613EFF-5F7F-46F4-9995-3F6C0E526891}"
EndProject
Project("{FAE04EC0-301F-11D3-BF4B-00C04F79EFBC}") = "AgentMulder.Containers.Ninject", "AgentMulder.Containers.Ninject\AgentMulder.Containers.Ninject.csproj", "{2F91F4DB-3D52-4AAE-8F21-B33DB11ED0AB}"
EndProject
Project("{FAE04EC0-301F-11D3-BF4B-00C04F79EFBC}") = "AgentMulder.Containers.SimpleInjector", "AgentMulder.Containers.SimpleInjector\AgentMulder.Containers.SimpleInjector.csproj", "{7A34DC1D-8730-48C8-AECC-717F405CA257}"
EndProject
Project("{FAE04EC0-301F-11D3-BF4B-00C04F79EFBC}") = "AgentMulder.Containers.StructureMap", "AgentMulder.Containers.StructureMap\AgentMulder.Containers.StructureMap.csproj", "{51D960FF-093C-4D5B-BEB9-C79999056909}"
EndProject
Project("{FAE04EC0-301F-11D3-BF4B-00C04F79EFBC}") = "AgentMulder.Containers.Unity", "AgentMulder.Containers.Unity\AgentMulder.Containers.Unity.csproj", "{4259A34A-6F2E-4B29-BDF6-AACA854009D4}"
EndProject
Project("{FAE04EC0-301F-11D3-BF4B-00C04F79EFBC}") = "AgentMulder.ReSharper.Plugin", "AgentMulder.ReSharper.Plugin\AgentMulder.ReSharper.Plugin.csproj", "{B32F33E1-E0B4-4E8A-9AA5-70A3B2CEDDDD}"
EndProject
Project("{FAE04EC0-301F-11D3-BF4B-00C04F79EFBC}") = "AgentMulder.ReSharper.Tests", "AgentMulder.ReSharper.Tests\AgentMulder.ReSharper.Tests.csproj", "{DA36BB2B-643E-4206-B7AE-2F3ABA7225B3}"
EndProject
Project("{2150E333-8FDC-42A3-9474-1A3956D46DE8}") = ".nuget", ".nuget", "{EE0160C0-E82B-4375-813D-24DD427222D0}"
	ProjectSection(SolutionItems) = preProject
		.nuget\packages.config = .nuget\packages.config
	EndProjectSection
EndProject
Project("{2150E333-8FDC-42A3-9474-1A3956D46DE8}") = "Tests", "Tests", "{3508BC1E-600A-434B-ADFE-D533B5C86ED9}"
EndProject
Global
	GlobalSection(SolutionConfigurationPlatforms) = preSolution
		Debug|Any CPU = Debug|Any CPU
		Release|Any CPU = Release|Any CPU
	EndGlobalSection
	GlobalSection(ProjectConfigurationPlatforms) = postSolution
		{2A40748D-310D-4193-A2E8-079A53040A93}.Debug|Any CPU.ActiveCfg = Debug|Any CPU
		{2A40748D-310D-4193-A2E8-079A53040A93}.Release|Any CPU.ActiveCfg = Release|Any CPU
		{0E0932D9-4745-4408-83DF-5527326760D3}.Debug|Any CPU.ActiveCfg = Debug|Any CPU
		{0E0932D9-4745-4408-83DF-5527326760D3}.Debug|Any CPU.Build.0 = Debug|Any CPU
		{0E0932D9-4745-4408-83DF-5527326760D3}.Release|Any CPU.ActiveCfg = Release|Any CPU
		{0E0932D9-4745-4408-83DF-5527326760D3}.Release|Any CPU.Build.0 = Release|Any CPU
		{AC2F7B7C-7DCC-45A9-8819-0F1F4541FDCC}.Debug|Any CPU.ActiveCfg = Debug|Any CPU
		{AC2F7B7C-7DCC-45A9-8819-0F1F4541FDCC}.Debug|Any CPU.Build.0 = Debug|Any CPU
		{AC2F7B7C-7DCC-45A9-8819-0F1F4541FDCC}.Release|Any CPU.ActiveCfg = Release|Any CPU
		{AC2F7B7C-7DCC-45A9-8819-0F1F4541FDCC}.Release|Any CPU.Build.0 = Release|Any CPU
		{B1355077-57AD-4B9B-AA5F-F45722CCCAB3}.Debug|Any CPU.ActiveCfg = Debug|Any CPU
		{B1355077-57AD-4B9B-AA5F-F45722CCCAB3}.Debug|Any CPU.Build.0 = Debug|Any CPU
		{B1355077-57AD-4B9B-AA5F-F45722CCCAB3}.Release|Any CPU.ActiveCfg = Release|Any CPU
		{B1355077-57AD-4B9B-AA5F-F45722CCCAB3}.Release|Any CPU.Build.0 = Release|Any CPU
		{7A613EFF-5F7F-46F4-9995-3F6C0E526891}.Debug|Any CPU.ActiveCfg = Debug|Any CPU
		{7A613EFF-5F7F-46F4-9995-3F6C0E526891}.Debug|Any CPU.Build.0 = Debug|Any CPU
		{7A613EFF-5F7F-46F4-9995-3F6C0E526891}.Release|Any CPU.ActiveCfg = Release|Any CPU
		{7A613EFF-5F7F-46F4-9995-3F6C0E526891}.Release|Any CPU.Build.0 = Release|Any CPU
		{2F91F4DB-3D52-4AAE-8F21-B33DB11ED0AB}.Debug|Any CPU.ActiveCfg = Debug|Any CPU
		{2F91F4DB-3D52-4AAE-8F21-B33DB11ED0AB}.Debug|Any CPU.Build.0 = Debug|Any CPU
		{2F91F4DB-3D52-4AAE-8F21-B33DB11ED0AB}.Release|Any CPU.ActiveCfg = Release|Any CPU
		{2F91F4DB-3D52-4AAE-8F21-B33DB11ED0AB}.Release|Any CPU.Build.0 = Release|Any CPU
		{7A34DC1D-8730-48C8-AECC-717F405CA257}.Debug|Any CPU.ActiveCfg = Debug|Any CPU
		{7A34DC1D-8730-48C8-AECC-717F405CA257}.Debug|Any CPU.Build.0 = Debug|Any CPU
		{7A34DC1D-8730-48C8-AECC-717F405CA257}.Release|Any CPU.ActiveCfg = Release|Any CPU
		{7A34DC1D-8730-48C8-AECC-717F405CA257}.Release|Any CPU.Build.0 = Release|Any CPU
		{51D960FF-093C-4D5B-BEB9-C79999056909}.Debug|Any CPU.ActiveCfg = Debug|Any CPU
		{51D960FF-093C-4D5B-BEB9-C79999056909}.Debug|Any CPU.Build.0 = Debug|Any CPU
		{51D960FF-093C-4D5B-BEB9-C79999056909}.Release|Any CPU.ActiveCfg = Release|Any CPU
		{51D960FF-093C-4D5B-BEB9-C79999056909}.Release|Any CPU.Build.0 = Release|Any CPU
		{4259A34A-6F2E-4B29-BDF6-AACA854009D4}.Debug|Any CPU.ActiveCfg = Debug|Any CPU
		{4259A34A-6F2E-4B29-BDF6-AACA854009D4}.Debug|Any CPU.Build.0 = Debug|Any CPU
		{4259A34A-6F2E-4B29-BDF6-AACA854009D4}.Release|Any CPU.ActiveCfg = Release|Any CPU
		{4259A34A-6F2E-4B29-BDF6-AACA854009D4}.Release|Any CPU.Build.0 = Release|Any CPU
		{B32F33E1-E0B4-4E8A-9AA5-70A3B2CEDDDD}.Debug|Any CPU.ActiveCfg = Debug|Any CPU
		{B32F33E1-E0B4-4E8A-9AA5-70A3B2CEDDDD}.Debug|Any CPU.Build.0 = Debug|Any CPU
		{B32F33E1-E0B4-4E8A-9AA5-70A3B2CEDDDD}.Release|Any CPU.ActiveCfg = Release|Any CPU
		{B32F33E1-E0B4-4E8A-9AA5-70A3B2CEDDDD}.Release|Any CPU.Build.0 = Release|Any CPU
		{DA36BB2B-643E-4206-B7AE-2F3ABA7225B3}.Debug|Any CPU.ActiveCfg = Debug|Any CPU
		{DA36BB2B-643E-4206-B7AE-2F3ABA7225B3}.Debug|Any CPU.Build.0 = Debug|Any CPU
		{DA36BB2B-643E-4206-B7AE-2F3ABA7225B3}.Release|Any CPU.ActiveCfg = Release|Any CPU
		{DA36BB2B-643E-4206-B7AE-2F3ABA7225B3}.Release|Any CPU.Build.0 = Release|Any CPU
	EndGlobalSection
	GlobalSection(SolutionProperties) = preSolution
		HideSolutionNode = FALSE
	EndGlobalSection
	GlobalSection(NestedProjects) = preSolution
		{2A40748D-310D-4193-A2E8-079A53040A93} = {3508BC1E-600A-434B-ADFE-D533B5C86ED9}
		{0E0932D9-4745-4408-83DF-5527326760D3} = {3B332DD2-D5D8-4B58-8EA2-A64FBD08D0F7}
		{B1355077-57AD-4B9B-AA5F-F45722CCCAB3} = {3B332DD2-D5D8-4B58-8EA2-A64FBD08D0F7}
		{7A613EFF-5F7F-46F4-9995-3F6C0E526891} = {3B332DD2-D5D8-4B58-8EA2-A64FBD08D0F7}
		{2F91F4DB-3D52-4AAE-8F21-B33DB11ED0AB} = {3B332DD2-D5D8-4B58-8EA2-A64FBD08D0F7}
		{7A34DC1D-8730-48C8-AECC-717F405CA257} = {3B332DD2-D5D8-4B58-8EA2-A64FBD08D0F7}
		{51D960FF-093C-4D5B-BEB9-C79999056909} = {3B332DD2-D5D8-4B58-8EA2-A64FBD08D0F7}
		{4259A34A-6F2E-4B29-BDF6-AACA854009D4} = {3B332DD2-D5D8-4B58-8EA2-A64FBD08D0F7}
		{DA36BB2B-643E-4206-B7AE-2F3ABA7225B3} = {3508BC1E-600A-434B-ADFE-D533B5C86ED9}
	EndGlobalSection
	GlobalSection(ExtensibilityGlobals) = postSolution
		EnterpriseLibraryConfigurationToolBinariesPath = packages\Unity.2.1.505.0\lib\NET35;packages\Unity.2.1.505.2\lib\NET35
	EndGlobalSection
EndGlobal
