Microsoft Visual Studio Solution File, Format Version 12.00
# Visual Studio 2013
VisualStudioVersion = 12.0.30219.0
MinimumVisualStudioVersion = 10.0.40219.1
Project("{FAE04EC0-301F-11D3-BF4B-00C04F79EFBC}") = "AgentMulder.Containers.Autofac.8.1", "AgentMulder.Containers.Autofac\AgentMulder.Containers.Autofac.8.1.csproj", "{1EFF9976-9E25-4C7B-B92C-677F0E854488}"
EndProject
Project("{2150E333-8FDC-42A3-9474-1A3956D46DE8}") = "Containers", "Containers", "{8197F2C1-CE85-4243-B78B-B684A135F25C}"
EndProject
Project("{FAE04EC0-301F-11D3-BF4B-00C04F79EFBC}") = "AgentMulder.Containers.CastleWindsor.8.1", "AgentMulder.Containers.CastleWindsor\AgentMulder.Containers.CastleWindsor.8.1.csproj", "{15D3254D-B9D7-493D-A8F5-8C2F594EC6C0}"
EndProject
Project("{FAE04EC0-301F-11D3-BF4B-00C04F79EFBC}") = "AgentMulder.Containers.Catel.8.1", "AgentMulder.Containers.Catel\AgentMulder.Containers.Catel.8.1.csproj", "{870877AD-D98E-497E-BABD-9B94FA60BAC6}"
EndProject
Project("{FAE04EC0-301F-11D3-BF4B-00C04F79EFBC}") = "AgentMulder.Containers.Ninject.8.1", "AgentMulder.Containers.Ninject\AgentMulder.Containers.Ninject.8.1.csproj", "{45C79271-CFED-402C-9CAB-70F9A8931B4A}"
EndProject
Project("{FAE04EC0-301F-11D3-BF4B-00C04F79EFBC}") = "AgentMulder.Containers.SimpleInjector.8.1", "AgentMulder.Containers.SimpleInjector\AgentMulder.Containers.SimpleInjector.8.1.csproj", "{6C36A2ED-3664-4C48-B80A-5CBC47FB2AAF}"
EndProject
Project("{FAE04EC0-301F-11D3-BF4B-00C04F79EFBC}") = "AgentMulder.Containers.StructureMap.8.1", "AgentMulder.Containers.StructureMap\AgentMulder.Containers.StructureMap.8.1.csproj", "{BCF44043-8FBE-4117-89CE-4FDAAB530D93}"
EndProject
Project("{FAE04EC0-301F-11D3-BF4B-00C04F79EFBC}") = "AgentMulder.Containers.Unity.8.1", "AgentMulder.Containers.Unity\AgentMulder.Containers.Unity.8.1.csproj", "{ED24F123-0DE0-4872-A79A-FC2E6F5077B1}"
EndProject
Project("{FAE04EC0-301F-11D3-BF4B-00C04F79EFBC}") = "AgentMulder.ReSharper.Domain.8.1", "AgentMulder.ReSharper.Domain\AgentMulder.ReSharper.Domain.8.1.csproj", "{69909D74-5F9A-45FA-BDCF-17E3F3E3CC23}"
EndProject
Project("{FAE04EC0-301F-11D3-BF4B-00C04F79EFBC}") = "AgentMulder.ReSharper.Tests.8.1", "AgentMulder.ReSharper.Tests\AgentMulder.ReSharper.Tests.8.1.csproj", "{5888ED60-2324-4D2A-BCD0-A91ECA156DE4}"
EndProject
Project("{FAE04EC0-301F-11D3-BF4B-00C04F79EFBC}") = "AgentMulder.ReSharper.Plugin.8.1", "AgentMulder.ReSharper.Plugin\AgentMulder.ReSharper.Plugin.8.1.csproj", "{21420556-ECE3-44A2-89AE-8C490497BB7D}"
EndProject
Project("{FAE04EC0-301F-11D3-BF4B-00C04F79EFBC}") = "TestApplication", "Test\Data\TestApplication.csproj", "{2A40748D-310D-4193-A2E8-079A53040A93}"
EndProject
Project("{FAE04EC0-301F-11D3-BF4B-00C04F79EFBC}") = "AgentMulder.Containers.Autofac.8.2", "AgentMulder.Containers.Autofac\AgentMulder.Containers.Autofac.8.2.csproj", "{B452529D-2120-473F-B953-821FD14DF8DF}"
EndProject
Project("{FAE04EC0-301F-11D3-BF4B-00C04F79EFBC}") = "AgentMulder.ReSharper.Domain.8.2", "AgentMulder.ReSharper.Domain\AgentMulder.ReSharper.Domain.8.2.csproj", "{F0CC3BC6-CDFC-4383-80C1-F07AF1A09F76}"
EndProject
Project("{FAE04EC0-301F-11D3-BF4B-00C04F79EFBC}") = "AgentMulder.Containers.CastleWindsor.8.2", "AgentMulder.Containers.CastleWindsor\AgentMulder.Containers.CastleWindsor.8.2.csproj", "{A3ECE176-1A92-4314-8418-EFCD6C4C3938}"
EndProject
Project("{2150E333-8FDC-42A3-9474-1A3956D46DE8}") = "8.1", "8.1", "{B57F41D9-C96A-4DBD-AFEC-22009D212F47}"
EndProject
Project("{2150E333-8FDC-42A3-9474-1A3956D46DE8}") = "Containers", "Containers", "{7A96E2B8-A475-43A7-A746-B7682FC16BAF}"
EndProject
Project("{2150E333-8FDC-42A3-9474-1A3956D46DE8}") = "8.2", "8.2", "{03C8159B-FED2-4593-B341-E6CDED41F943}"
EndProject
Project("{FAE04EC0-301F-11D3-BF4B-00C04F79EFBC}") = "AgentMulder.Containers.Catel.8.2", "AgentMulder.Containers.Catel\AgentMulder.Containers.Catel.8.2.csproj", "{62838D3C-C7B8-408E-A735-210A71D09E5E}"
EndProject
Project("{FAE04EC0-301F-11D3-BF4B-00C04F79EFBC}") = "AgentMulder.Containers.Ninject.8.2", "AgentMulder.Containers.Ninject\AgentMulder.Containers.Ninject.8.2.csproj", "{925EFC80-5DC3-450F-9BE0-CFAB69488992}"
EndProject
Project("{FAE04EC0-301F-11D3-BF4B-00C04F79EFBC}") = "AgentMulder.Containers.SimpleInjector.8.2", "AgentMulder.Containers.SimpleInjector\AgentMulder.Containers.SimpleInjector.8.2.csproj", "{95DF731B-F078-46A9-AE9B-9FE293B2F5F8}"
EndProject
Project("{FAE04EC0-301F-11D3-BF4B-00C04F79EFBC}") = "AgentMulder.Containers.StructureMap.8.2", "AgentMulder.Containers.StructureMap\AgentMulder.Containers.StructureMap.8.2.csproj", "{932BC0D7-A525-460D-A3ED-A010464811E8}"
EndProject
Project("{FAE04EC0-301F-11D3-BF4B-00C04F79EFBC}") = "AgentMulder.Containers.Unity.8.2", "AgentMulder.Containers.Unity\AgentMulder.Containers.Unity.8.2.csproj", "{7442C236-576B-4D8C-AF5A-BE69A0540E8F}"
EndProject
Project("{FAE04EC0-301F-11D3-BF4B-00C04F79EFBC}") = "AgentMulder.ReSharper.Plugin.8.2", "AgentMulder.ReSharper.Plugin\AgentMulder.ReSharper.Plugin.8.2.csproj", "{28F00ABB-62B6-4FDA-AB4C-6B71D6B68DFE}"
EndProject
Project("{FAE04EC0-301F-11D3-BF4B-00C04F79EFBC}") = "AgentMulder.ReSharper.Tests.8.2", "AgentMulder.ReSharper.Tests\AgentMulder.ReSharper.Tests.8.2.csproj", "{90B8F448-9CD6-4849-8F21-D826A76FE45C}"
EndProject
Global
	GlobalSection(SolutionConfigurationPlatforms) = preSolution
		Debug|Any CPU = Debug|Any CPU
		Release|Any CPU = Release|Any CPU
	EndGlobalSection
	GlobalSection(ProjectConfigurationPlatforms) = postSolution
		{1EFF9976-9E25-4C7B-B92C-677F0E854488}.Debug|Any CPU.ActiveCfg = Debug|Any CPU
		{1EFF9976-9E25-4C7B-B92C-677F0E854488}.Debug|Any CPU.Build.0 = Debug|Any CPU
		{1EFF9976-9E25-4C7B-B92C-677F0E854488}.Release|Any CPU.ActiveCfg = Release|Any CPU
		{1EFF9976-9E25-4C7B-B92C-677F0E854488}.Release|Any CPU.Build.0 = Release|Any CPU
		{15D3254D-B9D7-493D-A8F5-8C2F594EC6C0}.Debug|Any CPU.ActiveCfg = Debug|Any CPU
		{15D3254D-B9D7-493D-A8F5-8C2F594EC6C0}.Debug|Any CPU.Build.0 = Debug|Any CPU
		{15D3254D-B9D7-493D-A8F5-8C2F594EC6C0}.Release|Any CPU.ActiveCfg = Release|Any CPU
		{15D3254D-B9D7-493D-A8F5-8C2F594EC6C0}.Release|Any CPU.Build.0 = Release|Any CPU
		{870877AD-D98E-497E-BABD-9B94FA60BAC6}.Debug|Any CPU.ActiveCfg = Debug|Any CPU
		{870877AD-D98E-497E-BABD-9B94FA60BAC6}.Debug|Any CPU.Build.0 = Debug|Any CPU
		{870877AD-D98E-497E-BABD-9B94FA60BAC6}.Release|Any CPU.ActiveCfg = Release|Any CPU
		{870877AD-D98E-497E-BABD-9B94FA60BAC6}.Release|Any CPU.Build.0 = Release|Any CPU
		{45C79271-CFED-402C-9CAB-70F9A8931B4A}.Debug|Any CPU.ActiveCfg = Debug|Any CPU
		{45C79271-CFED-402C-9CAB-70F9A8931B4A}.Debug|Any CPU.Build.0 = Debug|Any CPU
		{45C79271-CFED-402C-9CAB-70F9A8931B4A}.Release|Any CPU.ActiveCfg = Release|Any CPU
		{45C79271-CFED-402C-9CAB-70F9A8931B4A}.Release|Any CPU.Build.0 = Release|Any CPU
		{6C36A2ED-3664-4C48-B80A-5CBC47FB2AAF}.Debug|Any CPU.ActiveCfg = Debug|Any CPU
		{6C36A2ED-3664-4C48-B80A-5CBC47FB2AAF}.Debug|Any CPU.Build.0 = Debug|Any CPU
		{6C36A2ED-3664-4C48-B80A-5CBC47FB2AAF}.Release|Any CPU.ActiveCfg = Release|Any CPU
		{6C36A2ED-3664-4C48-B80A-5CBC47FB2AAF}.Release|Any CPU.Build.0 = Release|Any CPU
		{BCF44043-8FBE-4117-89CE-4FDAAB530D93}.Debug|Any CPU.ActiveCfg = Debug|Any CPU
		{BCF44043-8FBE-4117-89CE-4FDAAB530D93}.Debug|Any CPU.Build.0 = Debug|Any CPU
		{BCF44043-8FBE-4117-89CE-4FDAAB530D93}.Release|Any CPU.ActiveCfg = Release|Any CPU
		{BCF44043-8FBE-4117-89CE-4FDAAB530D93}.Release|Any CPU.Build.0 = Release|Any CPU
		{ED24F123-0DE0-4872-A79A-FC2E6F5077B1}.Debug|Any CPU.ActiveCfg = Debug|Any CPU
		{ED24F123-0DE0-4872-A79A-FC2E6F5077B1}.Debug|Any CPU.Build.0 = Debug|Any CPU
		{ED24F123-0DE0-4872-A79A-FC2E6F5077B1}.Release|Any CPU.ActiveCfg = Release|Any CPU
		{ED24F123-0DE0-4872-A79A-FC2E6F5077B1}.Release|Any CPU.Build.0 = Release|Any CPU
		{69909D74-5F9A-45FA-BDCF-17E3F3E3CC23}.Debug|Any CPU.ActiveCfg = Debug|Any CPU
		{69909D74-5F9A-45FA-BDCF-17E3F3E3CC23}.Debug|Any CPU.Build.0 = Debug|Any CPU
		{69909D74-5F9A-45FA-BDCF-17E3F3E3CC23}.Release|Any CPU.ActiveCfg = Release|Any CPU
		{69909D74-5F9A-45FA-BDCF-17E3F3E3CC23}.Release|Any CPU.Build.0 = Release|Any CPU
		{5888ED60-2324-4D2A-BCD0-A91ECA156DE4}.Debug|Any CPU.ActiveCfg = Debug|Any CPU
		{5888ED60-2324-4D2A-BCD0-A91ECA156DE4}.Debug|Any CPU.Build.0 = Debug|Any CPU
		{5888ED60-2324-4D2A-BCD0-A91ECA156DE4}.Release|Any CPU.ActiveCfg = Release|Any CPU
		{5888ED60-2324-4D2A-BCD0-A91ECA156DE4}.Release|Any CPU.Build.0 = Release|Any CPU
		{21420556-ECE3-44A2-89AE-8C490497BB7D}.Debug|Any CPU.ActiveCfg = Debug|Any CPU
		{21420556-ECE3-44A2-89AE-8C490497BB7D}.Debug|Any CPU.Build.0 = Debug|Any CPU
		{21420556-ECE3-44A2-89AE-8C490497BB7D}.Release|Any CPU.ActiveCfg = Release|Any CPU
		{21420556-ECE3-44A2-89AE-8C490497BB7D}.Release|Any CPU.Build.0 = Release|Any CPU
		{2A40748D-310D-4193-A2E8-079A53040A93}.Debug|Any CPU.ActiveCfg = Debug|Any CPU
		{2A40748D-310D-4193-A2E8-079A53040A93}.Release|Any CPU.ActiveCfg = Release|Any CPU
		{B452529D-2120-473F-B953-821FD14DF8DF}.Debug|Any CPU.ActiveCfg = Debug|Any CPU
		{B452529D-2120-473F-B953-821FD14DF8DF}.Debug|Any CPU.Build.0 = Debug|Any CPU
		{B452529D-2120-473F-B953-821FD14DF8DF}.Release|Any CPU.ActiveCfg = Release|Any CPU
		{B452529D-2120-473F-B953-821FD14DF8DF}.Release|Any CPU.Build.0 = Release|Any CPU
		{F0CC3BC6-CDFC-4383-80C1-F07AF1A09F76}.Debug|Any CPU.ActiveCfg = Debug|Any CPU
		{F0CC3BC6-CDFC-4383-80C1-F07AF1A09F76}.Debug|Any CPU.Build.0 = Debug|Any CPU
		{F0CC3BC6-CDFC-4383-80C1-F07AF1A09F76}.Release|Any CPU.ActiveCfg = Release|Any CPU
		{F0CC3BC6-CDFC-4383-80C1-F07AF1A09F76}.Release|Any CPU.Build.0 = Release|Any CPU
		{A3ECE176-1A92-4314-8418-EFCD6C4C3938}.Debug|Any CPU.ActiveCfg = Debug|Any CPU
		{A3ECE176-1A92-4314-8418-EFCD6C4C3938}.Debug|Any CPU.Build.0 = Debug|Any CPU
		{A3ECE176-1A92-4314-8418-EFCD6C4C3938}.Release|Any CPU.ActiveCfg = Release|Any CPU
		{A3ECE176-1A92-4314-8418-EFCD6C4C3938}.Release|Any CPU.Build.0 = Release|Any CPU
		{62838D3C-C7B8-408E-A735-210A71D09E5E}.Debug|Any CPU.ActiveCfg = Debug|Any CPU
		{62838D3C-C7B8-408E-A735-210A71D09E5E}.Debug|Any CPU.Build.0 = Debug|Any CPU
		{62838D3C-C7B8-408E-A735-210A71D09E5E}.Release|Any CPU.ActiveCfg = Release|Any CPU
		{62838D3C-C7B8-408E-A735-210A71D09E5E}.Release|Any CPU.Build.0 = Release|Any CPU
		{925EFC80-5DC3-450F-9BE0-CFAB69488992}.Debug|Any CPU.ActiveCfg = Debug|Any CPU
		{925EFC80-5DC3-450F-9BE0-CFAB69488992}.Debug|Any CPU.Build.0 = Debug|Any CPU
		{925EFC80-5DC3-450F-9BE0-CFAB69488992}.Release|Any CPU.ActiveCfg = Release|Any CPU
		{925EFC80-5DC3-450F-9BE0-CFAB69488992}.Release|Any CPU.Build.0 = Release|Any CPU
		{95DF731B-F078-46A9-AE9B-9FE293B2F5F8}.Debug|Any CPU.ActiveCfg = Debug|Any CPU
		{95DF731B-F078-46A9-AE9B-9FE293B2F5F8}.Debug|Any CPU.Build.0 = Debug|Any CPU
		{95DF731B-F078-46A9-AE9B-9FE293B2F5F8}.Release|Any CPU.ActiveCfg = Release|Any CPU
		{95DF731B-F078-46A9-AE9B-9FE293B2F5F8}.Release|Any CPU.Build.0 = Release|Any CPU
		{932BC0D7-A525-460D-A3ED-A010464811E8}.Debug|Any CPU.ActiveCfg = Debug|Any CPU
		{932BC0D7-A525-460D-A3ED-A010464811E8}.Debug|Any CPU.Build.0 = Debug|Any CPU
		{932BC0D7-A525-460D-A3ED-A010464811E8}.Release|Any CPU.ActiveCfg = Release|Any CPU
		{932BC0D7-A525-460D-A3ED-A010464811E8}.Release|Any CPU.Build.0 = Release|Any CPU
		{7442C236-576B-4D8C-AF5A-BE69A0540E8F}.Debug|Any CPU.ActiveCfg = Debug|Any CPU
		{7442C236-576B-4D8C-AF5A-BE69A0540E8F}.Debug|Any CPU.Build.0 = Debug|Any CPU
		{7442C236-576B-4D8C-AF5A-BE69A0540E8F}.Release|Any CPU.ActiveCfg = Release|Any CPU
		{7442C236-576B-4D8C-AF5A-BE69A0540E8F}.Release|Any CPU.Build.0 = Release|Any CPU
		{28F00ABB-62B6-4FDA-AB4C-6B71D6B68DFE}.Debug|Any CPU.ActiveCfg = Debug|Any CPU
		{28F00ABB-62B6-4FDA-AB4C-6B71D6B68DFE}.Debug|Any CPU.Build.0 = Debug|Any CPU
		{28F00ABB-62B6-4FDA-AB4C-6B71D6B68DFE}.Release|Any CPU.ActiveCfg = Release|Any CPU
		{28F00ABB-62B6-4FDA-AB4C-6B71D6B68DFE}.Release|Any CPU.Build.0 = Release|Any CPU
		{90B8F448-9CD6-4849-8F21-D826A76FE45C}.Debug|Any CPU.ActiveCfg = Debug|Any CPU
		{90B8F448-9CD6-4849-8F21-D826A76FE45C}.Debug|Any CPU.Build.0 = Debug|Any CPU
		{90B8F448-9CD6-4849-8F21-D826A76FE45C}.Release|Any CPU.ActiveCfg = Release|Any CPU
		{90B8F448-9CD6-4849-8F21-D826A76FE45C}.Release|Any CPU.Build.0 = Release|Any CPU
	EndGlobalSection
	GlobalSection(SolutionProperties) = preSolution
		HideSolutionNode = FALSE
	EndGlobalSection
	GlobalSection(NestedProjects) = preSolution
		{7A96E2B8-A475-43A7-A746-B7682FC16BAF} = {B57F41D9-C96A-4DBD-AFEC-22009D212F47}
		{69909D74-5F9A-45FA-BDCF-17E3F3E3CC23} = {B57F41D9-C96A-4DBD-AFEC-22009D212F47}
		{5888ED60-2324-4D2A-BCD0-A91ECA156DE4} = {B57F41D9-C96A-4DBD-AFEC-22009D212F47}
		{21420556-ECE3-44A2-89AE-8C490497BB7D} = {B57F41D9-C96A-4DBD-AFEC-22009D212F47}
		{8197F2C1-CE85-4243-B78B-B684A135F25C} = {03C8159B-FED2-4593-B341-E6CDED41F943}
		{F0CC3BC6-CDFC-4383-80C1-F07AF1A09F76} = {03C8159B-FED2-4593-B341-E6CDED41F943}
		{28F00ABB-62B6-4FDA-AB4C-6B71D6B68DFE} = {03C8159B-FED2-4593-B341-E6CDED41F943}
		{90B8F448-9CD6-4849-8F21-D826A76FE45C} = {03C8159B-FED2-4593-B341-E6CDED41F943}
		{870877AD-D98E-497E-BABD-9B94FA60BAC6} = {7A96E2B8-A475-43A7-A746-B7682FC16BAF}
		{45C79271-CFED-402C-9CAB-70F9A8931B4A} = {7A96E2B8-A475-43A7-A746-B7682FC16BAF}
		{6C36A2ED-3664-4C48-B80A-5CBC47FB2AAF} = {7A96E2B8-A475-43A7-A746-B7682FC16BAF}
		{BCF44043-8FBE-4117-89CE-4FDAAB530D93} = {7A96E2B8-A475-43A7-A746-B7682FC16BAF}
		{ED24F123-0DE0-4872-A79A-FC2E6F5077B1} = {7A96E2B8-A475-43A7-A746-B7682FC16BAF}
		{1EFF9976-9E25-4C7B-B92C-677F0E854488} = {7A96E2B8-A475-43A7-A746-B7682FC16BAF}
		{15D3254D-B9D7-493D-A8F5-8C2F594EC6C0} = {7A96E2B8-A475-43A7-A746-B7682FC16BAF}
		{A3ECE176-1A92-4314-8418-EFCD6C4C3938} = {8197F2C1-CE85-4243-B78B-B684A135F25C}
		{B452529D-2120-473F-B953-821FD14DF8DF} = {8197F2C1-CE85-4243-B78B-B684A135F25C}
		{62838D3C-C7B8-408E-A735-210A71D09E5E} = {8197F2C1-CE85-4243-B78B-B684A135F25C}
		{925EFC80-5DC3-450F-9BE0-CFAB69488992} = {8197F2C1-CE85-4243-B78B-B684A135F25C}
		{95DF731B-F078-46A9-AE9B-9FE293B2F5F8} = {8197F2C1-CE85-4243-B78B-B684A135F25C}
		{932BC0D7-A525-460D-A3ED-A010464811E8} = {8197F2C1-CE85-4243-B78B-B684A135F25C}
		{7442C236-576B-4D8C-AF5A-BE69A0540E8F} = {8197F2C1-CE85-4243-B78B-B684A135F25C}
	EndGlobalSection
	GlobalSection(ExtensibilityGlobals) = postSolution
		EnterpriseLibraryConfigurationToolBinariesPath = packages\Unity.2.1.505.0\lib\NET35;packages\Unity.2.1.505.2\lib\NET35
	EndGlobalSection
EndGlobal
