Microsoft Visual Studio Solution File, Format Version 12.00
# Visual Studio 2013
VisualStudioVersion = 12.0.21005.1
MinimumVisualStudioVersion = 10.0.40219.1
Project("{FAE04EC0-301F-11D3-BF4B-00C04F79EFBC}") = "TestApplication", "Test\Data\TestApplication.csproj", "{2A40748D-310D-4193-A2E8-079A53040A93}"
EndProject
Project("{FAE04EC0-301F-11D3-BF4B-00C04F79EFBC}") = "AgentMulder.Containers.Autofac.8.0", "AgentMulder.Containers.Autofac\AgentMulder.Containers.Autofac.8.0.csproj", "{306EBFAD-68B8-44C0-9F06-F888FC1D5056}"
EndProject
Project("{FAE04EC0-301F-11D3-BF4B-00C04F79EFBC}") = "AgentMulder.Containers.CastleWindsor.8.0", "AgentMulder.Containers.CastleWindsor\AgentMulder.Containers.CastleWindsor.8.0.csproj", "{43FC7171-6E4D-4C3C-8CE7-39AEC065BC32}"
EndProject
Project("{FAE04EC0-301F-11D3-BF4B-00C04F79EFBC}") = "AgentMulder.Containers.Catel.8.0", "AgentMulder.Containers.Catel\AgentMulder.Containers.Catel.8.0.csproj", "{7D02FCB1-9C40-4434-B044-DC8CA27E2501}"
EndProject
Project("{FAE04EC0-301F-11D3-BF4B-00C04F79EFBC}") = "AgentMulder.Containers.Ninject.8.0", "AgentMulder.Containers.Ninject\AgentMulder.Containers.Ninject.8.0.csproj", "{B55D5782-F18C-45E1-9CA7-0292C5142182}"
EndProject
Project("{FAE04EC0-301F-11D3-BF4B-00C04F79EFBC}") = "AgentMulder.Containers.SimpleInjector.8.0", "AgentMulder.Containers.SimpleInjector\AgentMulder.Containers.SimpleInjector.8.0.csproj", "{4F4A56BB-4405-4F77-8C36-C2E1E35A314E}"
EndProject
Project("{FAE04EC0-301F-11D3-BF4B-00C04F79EFBC}") = "AgentMulder.Containers.StructureMap.8.0", "AgentMulder.Containers.StructureMap\AgentMulder.Containers.StructureMap.8.0.csproj", "{A987C35F-0E1D-4999-BDDA-667289B4A3E6}"
EndProject
Project("{FAE04EC0-301F-11D3-BF4B-00C04F79EFBC}") = "AgentMulder.Containers.Unity.8.0", "AgentMulder.Containers.Unity\AgentMulder.Containers.Unity.8.0.csproj", "{CC996833-A3DB-4E39-B5AF-2811EC02F4E9}"
EndProject
Project("{FAE04EC0-301F-11D3-BF4B-00C04F79EFBC}") = "AgentMulder.ReSharper.Domain.8.0", "AgentMulder.ReSharper.Domain\AgentMulder.ReSharper.Domain.8.0.csproj", "{B264F899-4DC3-46F8-A891-0657841BB551}"
EndProject
Project("{FAE04EC0-301F-11D3-BF4B-00C04F79EFBC}") = "AgentMulder.ReSharper.Plugin.8.0", "AgentMulder.ReSharper.Plugin\AgentMulder.ReSharper.Plugin.8.0.csproj", "{F1C37DEA-FA19-4FA7-BE80-F013D532C6ED}"
EndProject
Project("{FAE04EC0-301F-11D3-BF4B-00C04F79EFBC}") = "AgentMulder.ReSharper.Tests.8.0", "AgentMulder.ReSharper.Tests\AgentMulder.ReSharper.Tests.8.0.csproj", "{5F0EA8D2-161A-421F-9D81-7123EE760A2D}"
EndProject
Project("{2150E333-8FDC-42A3-9474-1A3956D46DE8}") = "Containers", "Containers", "{EFCE21CD-235F-4000-AF9B-4F96D5A886D1}"
EndProject
Project("{2150E333-8FDC-42A3-9474-1A3956D46DE8}") = "Tests", "Tests", "{CBA1C880-0727-4357-8B7B-40D03E4DEE0D}"
EndProject
Project("{2150E333-8FDC-42A3-9474-1A3956D46DE8}") = "8.0", "8.0", "{94BFC802-D876-4846-8330-FC4BB3266E27}"
EndProject
Project("{2150E333-8FDC-42A3-9474-1A3956D46DE8}") = "8.1", "8.1", "{3772CBF3-BCF5-44E3-BDE8-B82044111FCC}"
EndProject
Project("{FAE04EC0-301F-11D3-BF4B-00C04F79EFBC}") = "AgentMulder.ReSharper.Plugin.8.1", "AgentMulder.ReSharper.Plugin\AgentMulder.ReSharper.Plugin.8.1.csproj", "{21420556-ECE3-44A2-89AE-8C490497BB7D}"
EndProject
Project("{FAE04EC0-301F-11D3-BF4B-00C04F79EFBC}") = "AgentMulder.ReSharper.Domain.8.1", "AgentMulder.ReSharper.Domain\AgentMulder.ReSharper.Domain.8.1.csproj", "{69909D74-5F9A-45FA-BDCF-17E3F3E3CC23}"
EndProject
Project("{2150E333-8FDC-42A3-9474-1A3956D46DE8}") = "Containers", "Containers", "{2BC9504D-80BB-4CDD-8DE8-499DE6770AA8}"
EndProject
Project("{FAE04EC0-301F-11D3-BF4B-00C04F79EFBC}") = "AgentMulder.Containers.Autofac.8.1", "AgentMulder.Containers.Autofac\AgentMulder.Containers.Autofac.8.1.csproj", "{1EFF9976-9E25-4C7B-B92C-677F0E854488}"
EndProject
Project("{FAE04EC0-301F-11D3-BF4B-00C04F79EFBC}") = "AgentMulder.Containers.CastleWindsor.8.1", "AgentMulder.Containers.CastleWindsor\AgentMulder.Containers.CastleWindsor.8.1.csproj", "{15D3254D-B9D7-493D-A8F5-8C2F594EC6C0}"
EndProject
Project("{FAE04EC0-301F-11D3-BF4B-00C04F79EFBC}") = "AgentMulder.Containers.Catel.8.1", "AgentMulder.Containers.Catel\AgentMulder.Containers.Catel.8.1.csproj", "{870877AD-D98E-497E-BABD-9B94FA60BAC6}"
EndProject
Project("{FAE04EC0-301F-11D3-BF4B-00C04F79EFBC}") = "AgentMulder.Containers.Ninject.8.1", "AgentMulder.Containers.Ninject\AgentMulder.Containers.Ninject.8.1.csproj", "{45C79271-CFED-402C-9CAB-70F9A8931B4A}"
EndProject
Project("{FAE04EC0-301F-11D3-BF4B-00C04F79EFBC}") = "AgentMulder.Containers.SimpleInjector.8.1", "AgentMulder.Containers.SimpleInjector\AgentMulder.Containers.SimpleInjector.8.1.csproj", "{6C36A2ED-3664-4C48-B80A-5CBC47FB2AAF}"
EndProject
Project("{FAE04EC0-301F-11D3-BF4B-00C04F79EFBC}") = "AgentMulder.Containers.StructureMap.8.1", "AgentMulder.Containers.StructureMap\AgentMulder.Containers.StructureMap.8.1.csproj", "{BCF44043-8FBE-4117-89CE-4FDAAB530D93}"
EndProject
Project("{FAE04EC0-301F-11D3-BF4B-00C04F79EFBC}") = "AgentMulder.Containers.Unity.8.1", "AgentMulder.Containers.Unity\AgentMulder.Containers.Unity.8.1.csproj", "{ED24F123-0DE0-4872-A79A-FC2E6F5077B1}"
EndProject
Project("{FAE04EC0-301F-11D3-BF4B-00C04F79EFBC}") = "AgentMulder.ReSharper.Tests.8.1", "AgentMulder.ReSharper.Tests\AgentMulder.ReSharper.Tests.8.1.csproj", "{5888ED60-2324-4D2A-BCD0-A91ECA156DE4}"
EndProject
Global
	GlobalSection(SolutionConfigurationPlatforms) = preSolution
		Debug|Any CPU = Debug|Any CPU
		Release|Any CPU = Release|Any CPU
	EndGlobalSection
	GlobalSection(ProjectConfigurationPlatforms) = postSolution
		{2A40748D-310D-4193-A2E8-079A53040A93}.Debug|Any CPU.ActiveCfg = Debug|Any CPU
		{2A40748D-310D-4193-A2E8-079A53040A93}.Release|Any CPU.ActiveCfg = Release|Any CPU
		{306EBFAD-68B8-44C0-9F06-F888FC1D5056}.Debug|Any CPU.ActiveCfg = Debug|Any CPU
		{306EBFAD-68B8-44C0-9F06-F888FC1D5056}.Debug|Any CPU.Build.0 = Debug|Any CPU
		{306EBFAD-68B8-44C0-9F06-F888FC1D5056}.Release|Any CPU.ActiveCfg = Release|Any CPU
		{306EBFAD-68B8-44C0-9F06-F888FC1D5056}.Release|Any CPU.Build.0 = Release|Any CPU
		{43FC7171-6E4D-4C3C-8CE7-39AEC065BC32}.Debug|Any CPU.ActiveCfg = Debug|Any CPU
		{43FC7171-6E4D-4C3C-8CE7-39AEC065BC32}.Debug|Any CPU.Build.0 = Debug|Any CPU
		{43FC7171-6E4D-4C3C-8CE7-39AEC065BC32}.Release|Any CPU.ActiveCfg = Release|Any CPU
		{43FC7171-6E4D-4C3C-8CE7-39AEC065BC32}.Release|Any CPU.Build.0 = Release|Any CPU
		{7D02FCB1-9C40-4434-B044-DC8CA27E2501}.Debug|Any CPU.ActiveCfg = Debug|Any CPU
		{7D02FCB1-9C40-4434-B044-DC8CA27E2501}.Debug|Any CPU.Build.0 = Debug|Any CPU
		{7D02FCB1-9C40-4434-B044-DC8CA27E2501}.Release|Any CPU.ActiveCfg = Release|Any CPU
		{7D02FCB1-9C40-4434-B044-DC8CA27E2501}.Release|Any CPU.Build.0 = Release|Any CPU
		{B55D5782-F18C-45E1-9CA7-0292C5142182}.Debug|Any CPU.ActiveCfg = Debug|Any CPU
		{B55D5782-F18C-45E1-9CA7-0292C5142182}.Debug|Any CPU.Build.0 = Debug|Any CPU
		{B55D5782-F18C-45E1-9CA7-0292C5142182}.Release|Any CPU.ActiveCfg = Release|Any CPU
		{B55D5782-F18C-45E1-9CA7-0292C5142182}.Release|Any CPU.Build.0 = Release|Any CPU
		{4F4A56BB-4405-4F77-8C36-C2E1E35A314E}.Debug|Any CPU.ActiveCfg = Debug|Any CPU
		{4F4A56BB-4405-4F77-8C36-C2E1E35A314E}.Debug|Any CPU.Build.0 = Debug|Any CPU
		{4F4A56BB-4405-4F77-8C36-C2E1E35A314E}.Release|Any CPU.ActiveCfg = Release|Any CPU
		{4F4A56BB-4405-4F77-8C36-C2E1E35A314E}.Release|Any CPU.Build.0 = Release|Any CPU
		{A987C35F-0E1D-4999-BDDA-667289B4A3E6}.Debug|Any CPU.ActiveCfg = Debug|Any CPU
		{A987C35F-0E1D-4999-BDDA-667289B4A3E6}.Debug|Any CPU.Build.0 = Debug|Any CPU
		{A987C35F-0E1D-4999-BDDA-667289B4A3E6}.Release|Any CPU.ActiveCfg = Release|Any CPU
		{A987C35F-0E1D-4999-BDDA-667289B4A3E6}.Release|Any CPU.Build.0 = Release|Any CPU
		{CC996833-A3DB-4E39-B5AF-2811EC02F4E9}.Debug|Any CPU.ActiveCfg = Debug|Any CPU
		{CC996833-A3DB-4E39-B5AF-2811EC02F4E9}.Debug|Any CPU.Build.0 = Debug|Any CPU
		{CC996833-A3DB-4E39-B5AF-2811EC02F4E9}.Release|Any CPU.ActiveCfg = Release|Any CPU
		{CC996833-A3DB-4E39-B5AF-2811EC02F4E9}.Release|Any CPU.Build.0 = Release|Any CPU
		{B264F899-4DC3-46F8-A891-0657841BB551}.Debug|Any CPU.ActiveCfg = Debug|Any CPU
		{B264F899-4DC3-46F8-A891-0657841BB551}.Debug|Any CPU.Build.0 = Debug|Any CPU
		{B264F899-4DC3-46F8-A891-0657841BB551}.Release|Any CPU.ActiveCfg = Release|Any CPU
		{B264F899-4DC3-46F8-A891-0657841BB551}.Release|Any CPU.Build.0 = Release|Any CPU
		{F1C37DEA-FA19-4FA7-BE80-F013D532C6ED}.Debug|Any CPU.ActiveCfg = Debug|Any CPU
		{F1C37DEA-FA19-4FA7-BE80-F013D532C6ED}.Debug|Any CPU.Build.0 = Debug|Any CPU
		{F1C37DEA-FA19-4FA7-BE80-F013D532C6ED}.Release|Any CPU.ActiveCfg = Release|Any CPU
		{F1C37DEA-FA19-4FA7-BE80-F013D532C6ED}.Release|Any CPU.Build.0 = Release|Any CPU
		{5F0EA8D2-161A-421F-9D81-7123EE760A2D}.Debug|Any CPU.ActiveCfg = Debug|Any CPU
		{5F0EA8D2-161A-421F-9D81-7123EE760A2D}.Debug|Any CPU.Build.0 = Debug|Any CPU
		{5F0EA8D2-161A-421F-9D81-7123EE760A2D}.Release|Any CPU.ActiveCfg = Release|Any CPU
		{5F0EA8D2-161A-421F-9D81-7123EE760A2D}.Release|Any CPU.Build.0 = Release|Any CPU
		{21420556-ECE3-44A2-89AE-8C490497BB7D}.Debug|Any CPU.ActiveCfg = Debug|Any CPU
		{21420556-ECE3-44A2-89AE-8C490497BB7D}.Debug|Any CPU.Build.0 = Debug|Any CPU
		{21420556-ECE3-44A2-89AE-8C490497BB7D}.Release|Any CPU.ActiveCfg = Release|Any CPU
		{21420556-ECE3-44A2-89AE-8C490497BB7D}.Release|Any CPU.Build.0 = Release|Any CPU
		{69909D74-5F9A-45FA-BDCF-17E3F3E3CC23}.Debug|Any CPU.ActiveCfg = Debug|Any CPU
		{69909D74-5F9A-45FA-BDCF-17E3F3E3CC23}.Debug|Any CPU.Build.0 = Debug|Any CPU
		{69909D74-5F9A-45FA-BDCF-17E3F3E3CC23}.Release|Any CPU.ActiveCfg = Release|Any CPU
		{69909D74-5F9A-45FA-BDCF-17E3F3E3CC23}.Release|Any CPU.Build.0 = Release|Any CPU
		{1EFF9976-9E25-4C7B-B92C-677F0E854488}.Debug|Any CPU.ActiveCfg = Debug|Any CPU
		{1EFF9976-9E25-4C7B-B92C-677F0E854488}.Debug|Any CPU.Build.0 = Debug|Any CPU
		{1EFF9976-9E25-4C7B-B92C-677F0E854488}.Release|Any CPU.ActiveCfg = Release|Any CPU
		{1EFF9976-9E25-4C7B-B92C-677F0E854488}.Release|Any CPU.Build.0 = Release|Any CPU
		{15D3254D-B9D7-493D-A8F5-8C2F594EC6C0}.Debug|Any CPU.ActiveCfg = Debug|Any CPU
		{15D3254D-B9D7-493D-A8F5-8C2F594EC6C0}.Debug|Any CPU.Build.0 = Debug|Any CPU
		{15D3254D-B9D7-493D-A8F5-8C2F594EC6C0}.Release|Any CPU.ActiveCfg = Release|Any CPU
		{15D3254D-B9D7-493D-A8F5-8C2F594EC6C0}.Release|Any CPU.Build.0 = Release|Any CPU
		{870877AD-D98E-497E-BABD-9B94FA60BAC6}.Debug|Any CPU.ActiveCfg = Debug|Any CPU
		{870877AD-D98E-497E-BABD-9B94FA60BAC6}.Debug|Any CPU.Build.0 = Debug|Any CPU
		{870877AD-D98E-497E-BABD-9B94FA60BAC6}.Release|Any CPU.ActiveCfg = Release|Any CPU
		{870877AD-D98E-497E-BABD-9B94FA60BAC6}.Release|Any CPU.Build.0 = Release|Any CPU
		{45C79271-CFED-402C-9CAB-70F9A8931B4A}.Debug|Any CPU.ActiveCfg = Debug|Any CPU
		{45C79271-CFED-402C-9CAB-70F9A8931B4A}.Debug|Any CPU.Build.0 = Debug|Any CPU
		{45C79271-CFED-402C-9CAB-70F9A8931B4A}.Release|Any CPU.ActiveCfg = Release|Any CPU
		{45C79271-CFED-402C-9CAB-70F9A8931B4A}.Release|Any CPU.Build.0 = Release|Any CPU
		{6C36A2ED-3664-4C48-B80A-5CBC47FB2AAF}.Debug|Any CPU.ActiveCfg = Debug|Any CPU
		{6C36A2ED-3664-4C48-B80A-5CBC47FB2AAF}.Debug|Any CPU.Build.0 = Debug|Any CPU
		{6C36A2ED-3664-4C48-B80A-5CBC47FB2AAF}.Release|Any CPU.ActiveCfg = Release|Any CPU
		{6C36A2ED-3664-4C48-B80A-5CBC47FB2AAF}.Release|Any CPU.Build.0 = Release|Any CPU
		{BCF44043-8FBE-4117-89CE-4FDAAB530D93}.Debug|Any CPU.ActiveCfg = Debug|Any CPU
		{BCF44043-8FBE-4117-89CE-4FDAAB530D93}.Debug|Any CPU.Build.0 = Debug|Any CPU
		{BCF44043-8FBE-4117-89CE-4FDAAB530D93}.Release|Any CPU.ActiveCfg = Release|Any CPU
		{BCF44043-8FBE-4117-89CE-4FDAAB530D93}.Release|Any CPU.Build.0 = Release|Any CPU
		{ED24F123-0DE0-4872-A79A-FC2E6F5077B1}.Debug|Any CPU.ActiveCfg = Debug|Any CPU
		{ED24F123-0DE0-4872-A79A-FC2E6F5077B1}.Debug|Any CPU.Build.0 = Debug|Any CPU
		{ED24F123-0DE0-4872-A79A-FC2E6F5077B1}.Release|Any CPU.ActiveCfg = Release|Any CPU
		{ED24F123-0DE0-4872-A79A-FC2E6F5077B1}.Release|Any CPU.Build.0 = Release|Any CPU
		{5888ED60-2324-4D2A-BCD0-A91ECA156DE4}.Debug|Any CPU.ActiveCfg = Debug|Any CPU
		{5888ED60-2324-4D2A-BCD0-A91ECA156DE4}.Debug|Any CPU.Build.0 = Debug|Any CPU
		{5888ED60-2324-4D2A-BCD0-A91ECA156DE4}.Release|Any CPU.ActiveCfg = Release|Any CPU
		{5888ED60-2324-4D2A-BCD0-A91ECA156DE4}.Release|Any CPU.Build.0 = Release|Any CPU
	EndGlobalSection
	GlobalSection(SolutionProperties) = preSolution
		HideSolutionNode = FALSE
	EndGlobalSection
	GlobalSection(NestedProjects) = preSolution
		{5F0EA8D2-161A-421F-9D81-7123EE760A2D} = {CBA1C880-0727-4357-8B7B-40D03E4DEE0D}
		{2A40748D-310D-4193-A2E8-079A53040A93} = {CBA1C880-0727-4357-8B7B-40D03E4DEE0D}
		{5888ED60-2324-4D2A-BCD0-A91ECA156DE4} = {CBA1C880-0727-4357-8B7B-40D03E4DEE0D}
		{EFCE21CD-235F-4000-AF9B-4F96D5A886D1} = {94BFC802-D876-4846-8330-FC4BB3266E27}
		{B264F899-4DC3-46F8-A891-0657841BB551} = {94BFC802-D876-4846-8330-FC4BB3266E27}
		{F1C37DEA-FA19-4FA7-BE80-F013D532C6ED} = {94BFC802-D876-4846-8330-FC4BB3266E27}
		{7D02FCB1-9C40-4434-B044-DC8CA27E2501} = {EFCE21CD-235F-4000-AF9B-4F96D5A886D1}
		{B55D5782-F18C-45E1-9CA7-0292C5142182} = {EFCE21CD-235F-4000-AF9B-4F96D5A886D1}
		{4F4A56BB-4405-4F77-8C36-C2E1E35A314E} = {EFCE21CD-235F-4000-AF9B-4F96D5A886D1}
		{A987C35F-0E1D-4999-BDDA-667289B4A3E6} = {EFCE21CD-235F-4000-AF9B-4F96D5A886D1}
		{CC996833-A3DB-4E39-B5AF-2811EC02F4E9} = {EFCE21CD-235F-4000-AF9B-4F96D5A886D1}
		{43FC7171-6E4D-4C3C-8CE7-39AEC065BC32} = {EFCE21CD-235F-4000-AF9B-4F96D5A886D1}
		{306EBFAD-68B8-44C0-9F06-F888FC1D5056} = {EFCE21CD-235F-4000-AF9B-4F96D5A886D1}
		{21420556-ECE3-44A2-89AE-8C490497BB7D} = {3772CBF3-BCF5-44E3-BDE8-B82044111FCC}
		{69909D74-5F9A-45FA-BDCF-17E3F3E3CC23} = {3772CBF3-BCF5-44E3-BDE8-B82044111FCC}
		{2BC9504D-80BB-4CDD-8DE8-499DE6770AA8} = {3772CBF3-BCF5-44E3-BDE8-B82044111FCC}
		{1EFF9976-9E25-4C7B-B92C-677F0E854488} = {2BC9504D-80BB-4CDD-8DE8-499DE6770AA8}
		{15D3254D-B9D7-493D-A8F5-8C2F594EC6C0} = {2BC9504D-80BB-4CDD-8DE8-499DE6770AA8}
		{870877AD-D98E-497E-BABD-9B94FA60BAC6} = {2BC9504D-80BB-4CDD-8DE8-499DE6770AA8}
		{45C79271-CFED-402C-9CAB-70F9A8931B4A} = {2BC9504D-80BB-4CDD-8DE8-499DE6770AA8}
		{6C36A2ED-3664-4C48-B80A-5CBC47FB2AAF} = {2BC9504D-80BB-4CDD-8DE8-499DE6770AA8}
		{BCF44043-8FBE-4117-89CE-4FDAAB530D93} = {2BC9504D-80BB-4CDD-8DE8-499DE6770AA8}
		{ED24F123-0DE0-4872-A79A-FC2E6F5077B1} = {2BC9504D-80BB-4CDD-8DE8-499DE6770AA8}
	EndGlobalSection
	GlobalSection(ExtensibilityGlobals) = postSolution
		EnterpriseLibraryConfigurationToolBinariesPath = packages\Unity.2.1.505.0\lib\NET35;packages\Unity.2.1.505.2\lib\NET35
	EndGlobalSection
EndGlobal
